
Microsoft Visual Studio Solution File, Format Version 12.00
# Visual Studio 15
VisualStudioVersion = 15.0.28307.421
MinimumVisualStudioVersion = 10.0.40219.1
Project("{FAE04EC0-301F-11D3-BF4B-00C04F79EFBC}") = "CrimeService", "CrimeService\CrimeService.csproj", "{DA25F96A-FDE3-4767-AAA4-A9B9EEB4EB95}"
EndProject
Project("{FAE04EC0-301F-11D3-BF4B-00C04F79EFBC}") = "TryIt_Crime_Service", "TryIt_Crime_Service\TryIt_Crime_Service.csproj", "{D9F9B134-3D5C-4EA3-8368-40F540D3449C}"
EndProject
Global
	GlobalSection(SolutionConfigurationPlatforms) = preSolution
		Debug|Any CPU = Debug|Any CPU
		Release|Any CPU = Release|Any CPU
	EndGlobalSection
	GlobalSection(ProjectConfigurationPlatforms) = postSolution
		{DA25F96A-FDE3-4767-AAA4-A9B9EEB4EB95}.Debug|Any CPU.ActiveCfg = Debug|Any CPU
		{DA25F96A-FDE3-4767-AAA4-A9B9EEB4EB95}.Debug|Any CPU.Build.0 = Debug|Any CPU
		{DA25F96A-FDE3-4767-AAA4-A9B9EEB4EB95}.Release|Any CPU.ActiveCfg = Release|Any CPU
		{DA25F96A-FDE3-4767-AAA4-A9B9EEB4EB95}.Release|Any CPU.Build.0 = Release|Any CPU
		{D9F9B134-3D5C-4EA3-8368-40F540D3449C}.Debug|Any CPU.ActiveCfg = Debug|Any CPU
		{D9F9B134-3D5C-4EA3-8368-40F540D3449C}.Debug|Any CPU.Build.0 = Debug|Any CPU
		{D9F9B134-3D5C-4EA3-8368-40F540D3449C}.Release|Any CPU.ActiveCfg = Release|Any CPU
		{D9F9B134-3D5C-4EA3-8368-40F540D3449C}.Release|Any CPU.Build.0 = Release|Any CPU
	EndGlobalSection
	GlobalSection(SolutionProperties) = preSolution
		HideSolutionNode = FALSE
	EndGlobalSection
	GlobalSection(ExtensibilityGlobals) = postSolution
		SolutionGuid = {68DBF870-ECE8-4326-8AD4-0D53B0E43ECF}
	EndGlobalSection
EndGlobal
